
Microsoft Visual Studio Solution File, Format Version 12.00
# Visual Studio 15
VisualStudioVersion = 15.0.26730.16
MinimumVisualStudioVersion = 10.0.40219.1
Project("{FAE04EC0-301F-11D3-BF4B-00C04F79EFBC}") = "jwt1", "jwt1\jwt1.csproj", "{F3B2F54D-7F29-48A8-A096-759D43D11302}"
EndProject
Global
	GlobalSection(SolutionConfigurationPlatforms) = preSolution
		Debug|Any CPU = Debug|Any CPU
		Release|Any CPU = Release|Any CPU
	EndGlobalSection
	GlobalSection(ProjectConfigurationPlatforms) = postSolution
		{F3B2F54D-7F29-48A8-A096-759D43D11302}.Debug|Any CPU.ActiveCfg = Debug|Any CPU
		{F3B2F54D-7F29-48A8-A096-759D43D11302}.Debug|Any CPU.Build.0 = Debug|Any CPU
		{F3B2F54D-7F29-48A8-A096-759D43D11302}.Release|Any CPU.ActiveCfg = Release|Any CPU
		{F3B2F54D-7F29-48A8-A096-759D43D11302}.Release|Any CPU.Build.0 = Release|Any CPU
	EndGlobalSection
	GlobalSection(SolutionProperties) = preSolution
		HideSolutionNode = FALSE
	EndGlobalSection
	GlobalSection(ExtensibilityGlobals) = postSolution
		SolutionGuid = {38602D38-C14F-44E5-A78B-0A81EA432F3A}
	EndGlobalSection
EndGlobal
